
Microsoft Visual Studio Solution File, Format Version 12.00
# Visual Studio 14
VisualStudioVersion = 14.0.23107.0
MinimumVisualStudioVersion = 10.0.40219.1
Project("{FAE04EC0-301F-11D3-BF4B-00C04F79EFBC}") = "testService", "testService\testService.csproj", "{4695CF21-361B-4220-898C-BAF4D5AAAAD3}"
EndProject
Project("{FAE04EC0-301F-11D3-BF4B-00C04F79EFBC}") = "WorkflowService1", "WorkflowService1\WorkflowService1.csproj", "{07FE4AD6-92FE-431F-B450-F8F74ACE80C2}"
	ProjectSection(ProjectDependencies) = postProject
		{4695CF21-361B-4220-898C-BAF4D5AAAAD3} = {4695CF21-361B-4220-898C-BAF4D5AAAAD3}
		{C74CE1B5-13AE-4578-BF5F-43470DA60CA1} = {C74CE1B5-13AE-4578-BF5F-43470DA60CA1}
	EndProjectSection
EndProject
Project("{FAE04EC0-301F-11D3-BF4B-00C04F79EFBC}") = "textModService", "textModService\textModService.csproj", "{C74CE1B5-13AE-4578-BF5F-43470DA60CA1}"
EndProject
Global
	GlobalSection(SolutionConfigurationPlatforms) = preSolution
		Debug|Any CPU = Debug|Any CPU
		Release|Any CPU = Release|Any CPU
	EndGlobalSection
	GlobalSection(ProjectConfigurationPlatforms) = postSolution
		{4695CF21-361B-4220-898C-BAF4D5AAAAD3}.Debug|Any CPU.ActiveCfg = Debug|Any CPU
		{4695CF21-361B-4220-898C-BAF4D5AAAAD3}.Debug|Any CPU.Build.0 = Debug|Any CPU
		{4695CF21-361B-4220-898C-BAF4D5AAAAD3}.Release|Any CPU.ActiveCfg = Release|Any CPU
		{4695CF21-361B-4220-898C-BAF4D5AAAAD3}.Release|Any CPU.Build.0 = Release|Any CPU
		{07FE4AD6-92FE-431F-B450-F8F74ACE80C2}.Debug|Any CPU.ActiveCfg = Debug|Any CPU
		{07FE4AD6-92FE-431F-B450-F8F74ACE80C2}.Debug|Any CPU.Build.0 = Debug|Any CPU
		{07FE4AD6-92FE-431F-B450-F8F74ACE80C2}.Release|Any CPU.ActiveCfg = Release|Any CPU
		{07FE4AD6-92FE-431F-B450-F8F74ACE80C2}.Release|Any CPU.Build.0 = Release|Any CPU
		{C74CE1B5-13AE-4578-BF5F-43470DA60CA1}.Debug|Any CPU.ActiveCfg = Debug|Any CPU
		{C74CE1B5-13AE-4578-BF5F-43470DA60CA1}.Debug|Any CPU.Build.0 = Debug|Any CPU
		{C74CE1B5-13AE-4578-BF5F-43470DA60CA1}.Release|Any CPU.ActiveCfg = Release|Any CPU
		{C74CE1B5-13AE-4578-BF5F-43470DA60CA1}.Release|Any CPU.Build.0 = Release|Any CPU
	EndGlobalSection
	GlobalSection(SolutionProperties) = preSolution
		HideSolutionNode = FALSE
	EndGlobalSection
EndGlobal
